
Microsoft Visual Studio Solution File, Format Version 12.00
# Visual Studio Version 16
VisualStudioVersion = 16.0.30114.105
MinimumVisualStudioVersion = 10.0.40219.1
Project("{2150E333-8FDC-42A3-9474-1A3956D46DE8}") = "src", "src", "{E0D20B47-6118-4CAB-8487-A8811DFEDCFE}"
EndProject
Project("{FAE04EC0-301F-11D3-BF4B-00C04F79EFBC}") = "ChallengeApp", "src\ChallengeApp\ChallengeApp.csproj", "{5B59C29C-49D3-434E-8A76-1F63C98A95C3}"
EndProject
Project("{2150E333-8FDC-42A3-9474-1A3956D46DE8}") = "test", "test", "{EE33A751-DDA9-4567-AA9E-C9107D60C369}"
EndProject
Project("{FAE04EC0-301F-11D3-BF4B-00C04F79EFBC}") = "Challenge.Tests", "test\Challenge.Tests\Challenge.Tests.csproj", "{E1AA9D35-4398-4331-B8E4-EAF26AEB2E8F}"
EndProject
Global
	GlobalSection(SolutionConfigurationPlatforms) = preSolution
		Debug|Any CPU = Debug|Any CPU
		Debug|x64 = Debug|x64
		Debug|x86 = Debug|x86
		Release|Any CPU = Release|Any CPU
		Release|x64 = Release|x64
		Release|x86 = Release|x86
	EndGlobalSection
	GlobalSection(SolutionProperties) = preSolution
		HideSolutionNode = FALSE
	EndGlobalSection
	GlobalSection(ProjectConfigurationPlatforms) = postSolution
		{5B59C29C-49D3-434E-8A76-1F63C98A95C3}.Debug|Any CPU.ActiveCfg = Debug|Any CPU
		{5B59C29C-49D3-434E-8A76-1F63C98A95C3}.Debug|Any CPU.Build.0 = Debug|Any CPU
		{5B59C29C-49D3-434E-8A76-1F63C98A95C3}.Debug|x64.ActiveCfg = Debug|Any CPU
		{5B59C29C-49D3-434E-8A76-1F63C98A95C3}.Debug|x64.Build.0 = Debug|Any CPU
		{5B59C29C-49D3-434E-8A76-1F63C98A95C3}.Debug|x86.ActiveCfg = Debug|Any CPU
		{5B59C29C-49D3-434E-8A76-1F63C98A95C3}.Debug|x86.Build.0 = Debug|Any CPU
		{5B59C29C-49D3-434E-8A76-1F63C98A95C3}.Release|Any CPU.ActiveCfg = Release|Any CPU
		{5B59C29C-49D3-434E-8A76-1F63C98A95C3}.Release|Any CPU.Build.0 = Release|Any CPU
		{5B59C29C-49D3-434E-8A76-1F63C98A95C3}.Release|x64.ActiveCfg = Release|Any CPU
		{5B59C29C-49D3-434E-8A76-1F63C98A95C3}.Release|x64.Build.0 = Release|Any CPU
		{5B59C29C-49D3-434E-8A76-1F63C98A95C3}.Release|x86.ActiveCfg = Release|Any CPU
		{5B59C29C-49D3-434E-8A76-1F63C98A95C3}.Release|x86.Build.0 = Release|Any CPU
		{E1AA9D35-4398-4331-B8E4-EAF26AEB2E8F}.Debug|Any CPU.ActiveCfg = Debug|Any CPU
		{E1AA9D35-4398-4331-B8E4-EAF26AEB2E8F}.Debug|Any CPU.Build.0 = Debug|Any CPU
		{E1AA9D35-4398-4331-B8E4-EAF26AEB2E8F}.Debug|x64.ActiveCfg = Debug|Any CPU
		{E1AA9D35-4398-4331-B8E4-EAF26AEB2E8F}.Debug|x64.Build.0 = Debug|Any CPU
		{E1AA9D35-4398-4331-B8E4-EAF26AEB2E8F}.Debug|x86.ActiveCfg = Debug|Any CPU
		{E1AA9D35-4398-4331-B8E4-EAF26AEB2E8F}.Debug|x86.Build.0 = Debug|Any CPU
		{E1AA9D35-4398-4331-B8E4-EAF26AEB2E8F}.Release|Any CPU.ActiveCfg = Release|Any CPU
		{E1AA9D35-4398-4331-B8E4-EAF26AEB2E8F}.Release|Any CPU.Build.0 = Release|Any CPU
		{E1AA9D35-4398-4331-B8E4-EAF26AEB2E8F}.Release|x64.ActiveCfg = Release|Any CPU
		{E1AA9D35-4398-4331-B8E4-EAF26AEB2E8F}.Release|x64.Build.0 = Release|Any CPU
		{E1AA9D35-4398-4331-B8E4-EAF26AEB2E8F}.Release|x86.ActiveCfg = Release|Any CPU
		{E1AA9D35-4398-4331-B8E4-EAF26AEB2E8F}.Release|x86.Build.0 = Release|Any CPU
	EndGlobalSection
	GlobalSection(NestedProjects) = preSolution
		{5B59C29C-49D3-434E-8A76-1F63C98A95C3} = {E0D20B47-6118-4CAB-8487-A8811DFEDCFE}
		{E1AA9D35-4398-4331-B8E4-EAF26AEB2E8F} = {EE33A751-DDA9-4567-AA9E-C9107D60C369}
	EndGlobalSection
EndGlobal
